
Microsoft Visual Studio Solution File, Format Version 12.00
# Visual Studio 15
VisualStudioVersion = 15.0.26228.9
MinimumVisualStudioVersion = 10.0.40219.1
Project("{FAE04EC0-301F-11D3-BF4B-00C04F79EFBC}") = "MirrorToDropBox", "MirrorToDropBox\MirrorToDropBox.csproj", "{826AB62E-CD47-4A0E-AB45-97EBA5D92471}"
EndProject
Project("{FAE04EC0-301F-11D3-BF4B-00C04F79EFBC}") = "Finances", "Finances\Finances.csproj", "{DDFC3829-2708-405F-BA04-7301E88342CE}"
	ProjectSection(ProjectDependencies) = postProject
		{826AB62E-CD47-4A0E-AB45-97EBA5D92471} = {826AB62E-CD47-4A0E-AB45-97EBA5D92471}
	EndProjectSection
EndProject
Global
	GlobalSection(SolutionConfigurationPlatforms) = preSolution
		Debug|Any CPU = Debug|Any CPU
		Release|Any CPU = Release|Any CPU
	EndGlobalSection
	GlobalSection(ProjectConfigurationPlatforms) = postSolution
		{826AB62E-CD47-4A0E-AB45-97EBA5D92471}.Debug|Any CPU.ActiveCfg = Debug|Any CPU
		{826AB62E-CD47-4A0E-AB45-97EBA5D92471}.Debug|Any CPU.Build.0 = Debug|Any CPU
		{826AB62E-CD47-4A0E-AB45-97EBA5D92471}.Release|Any CPU.ActiveCfg = Release|Any CPU
		{826AB62E-CD47-4A0E-AB45-97EBA5D92471}.Release|Any CPU.Build.0 = Release|Any CPU
		{DDFC3829-2708-405F-BA04-7301E88342CE}.Debug|Any CPU.ActiveCfg = Debug|Any CPU
		{DDFC3829-2708-405F-BA04-7301E88342CE}.Debug|Any CPU.Build.0 = Debug|Any CPU
		{DDFC3829-2708-405F-BA04-7301E88342CE}.Release|Any CPU.ActiveCfg = Release|Any CPU
		{DDFC3829-2708-405F-BA04-7301E88342CE}.Release|Any CPU.Build.0 = Release|Any CPU
	EndGlobalSection
	GlobalSection(SolutionProperties) = preSolution
		HideSolutionNode = FALSE
	EndGlobalSection
	GlobalSection(ExtensibilityGlobals) = postSolution
		SolutionGuid = {29697523-8FA1-4789-B981-5C0FB2C38BF1}
	EndGlobalSection
EndGlobal
